
Microsoft Visual Studio Solution File, Format Version 12.00
# Visual Studio Version 16
VisualStudioVersion = 16.0.31205.134
MinimumVisualStudioVersion = 10.0.40219.1
Project("{9A19103F-16F7-4668-BE54-9A1E7A4F7556}") = "Osnova.Net", "Osnova.Net\Osnova.Net.csproj", "{7DC10120-190F-44D2-A46D-C885B27BA298}"
EndProject
Project("{9A19103F-16F7-4668-BE54-9A1E7A4F7556}") = "OsnovaImageDownloader", "OsnovaImageDownloader\OsnovaImageDownloader.csproj", "{7D785111-0775-4A3C-80F5-BAC31F82F2BD}"
EndProject
Project("{9A19103F-16F7-4668-BE54-9A1E7A4F7556}") = "Osnova.Net.Tests", "Osnova.Net.Tests\Osnova.Net.Tests.csproj", "{6C690D32-D527-429A-B656-6EED52651585}"
EndProject
Global
	GlobalSection(SolutionConfigurationPlatforms) = preSolution
		Debug|Any CPU = Debug|Any CPU
		Debug|x64 = Debug|x64
		LocalTests|Any CPU = LocalTests|Any CPU
		LocalTests|x64 = LocalTests|x64
		Release|Any CPU = Release|Any CPU
		Release|x64 = Release|x64
	EndGlobalSection
	GlobalSection(ProjectConfigurationPlatforms) = postSolution
		{7DC10120-190F-44D2-A46D-C885B27BA298}.Debug|Any CPU.ActiveCfg = Debug|Any CPU
		{7DC10120-190F-44D2-A46D-C885B27BA298}.Debug|Any CPU.Build.0 = Debug|Any CPU
		{7DC10120-190F-44D2-A46D-C885B27BA298}.Debug|x64.ActiveCfg = Debug|x64
		{7DC10120-190F-44D2-A46D-C885B27BA298}.Debug|x64.Build.0 = Debug|x64
		{7DC10120-190F-44D2-A46D-C885B27BA298}.LocalTests|Any CPU.ActiveCfg = LocalTests|Any CPU
		{7DC10120-190F-44D2-A46D-C885B27BA298}.LocalTests|Any CPU.Build.0 = LocalTests|Any CPU
		{7DC10120-190F-44D2-A46D-C885B27BA298}.LocalTests|x64.ActiveCfg = LocalTests|x64
		{7DC10120-190F-44D2-A46D-C885B27BA298}.LocalTests|x64.Build.0 = LocalTests|x64
		{7DC10120-190F-44D2-A46D-C885B27BA298}.Release|Any CPU.ActiveCfg = Release|Any CPU
		{7DC10120-190F-44D2-A46D-C885B27BA298}.Release|Any CPU.Build.0 = Release|Any CPU
		{7DC10120-190F-44D2-A46D-C885B27BA298}.Release|x64.ActiveCfg = Release|x64
		{7DC10120-190F-44D2-A46D-C885B27BA298}.Release|x64.Build.0 = Release|x64
		{7D785111-0775-4A3C-80F5-BAC31F82F2BD}.Debug|Any CPU.ActiveCfg = Debug|Any CPU
		{7D785111-0775-4A3C-80F5-BAC31F82F2BD}.Debug|Any CPU.Build.0 = Debug|Any CPU
		{7D785111-0775-4A3C-80F5-BAC31F82F2BD}.Debug|x64.ActiveCfg = Debug|x64
		{7D785111-0775-4A3C-80F5-BAC31F82F2BD}.Debug|x64.Build.0 = Debug|x64
		{7D785111-0775-4A3C-80F5-BAC31F82F2BD}.LocalTests|Any CPU.ActiveCfg = LocalTests|Any CPU
		{7D785111-0775-4A3C-80F5-BAC31F82F2BD}.LocalTests|Any CPU.Build.0 = LocalTests|Any CPU
		{7D785111-0775-4A3C-80F5-BAC31F82F2BD}.LocalTests|x64.ActiveCfg = Debug|x64
		{7D785111-0775-4A3C-80F5-BAC31F82F2BD}.Release|Any CPU.ActiveCfg = Release|Any CPU
		{7D785111-0775-4A3C-80F5-BAC31F82F2BD}.Release|Any CPU.Build.0 = Release|Any CPU
		{7D785111-0775-4A3C-80F5-BAC31F82F2BD}.Release|x64.ActiveCfg = Release|x64
		{7D785111-0775-4A3C-80F5-BAC31F82F2BD}.Release|x64.Build.0 = Release|x64
		{6C690D32-D527-429A-B656-6EED52651585}.Debug|Any CPU.ActiveCfg = Debug|Any CPU
		{6C690D32-D527-429A-B656-6EED52651585}.Debug|Any CPU.Build.0 = Debug|Any CPU
		{6C690D32-D527-429A-B656-6EED52651585}.Debug|x64.ActiveCfg = Debug|x64
		{6C690D32-D527-429A-B656-6EED52651585}.Debug|x64.Build.0 = Debug|x64
		{6C690D32-D527-429A-B656-6EED52651585}.LocalTests|Any CPU.ActiveCfg = LocalTests|Any CPU
		{6C690D32-D527-429A-B656-6EED52651585}.LocalTests|Any CPU.Build.0 = LocalTests|Any CPU
		{6C690D32-D527-429A-B656-6EED52651585}.LocalTests|x64.ActiveCfg = LocalTests|x64
		{6C690D32-D527-429A-B656-6EED52651585}.LocalTests|x64.Build.0 = LocalTests|x64
		{6C690D32-D527-429A-B656-6EED52651585}.Release|Any CPU.ActiveCfg = Release|Any CPU
		{6C690D32-D527-429A-B656-6EED52651585}.Release|Any CPU.Build.0 = Release|Any CPU
		{6C690D32-D527-429A-B656-6EED52651585}.Release|x64.ActiveCfg = Release|x64
		{6C690D32-D527-429A-B656-6EED52651585}.Release|x64.Build.0 = Release|x64
	EndGlobalSection
	GlobalSection(SolutionProperties) = preSolution
		HideSolutionNode = FALSE
	EndGlobalSection
	GlobalSection(ExtensibilityGlobals) = postSolution
		SolutionGuid = {3DA41575-5755-4997-BA01-BD20E47E3C9A}
	EndGlobalSection
EndGlobal
